
Microsoft Visual Studio Solution File, Format Version 12.00
# Visual Studio Version 17
VisualStudioVersion = 17.1.32414.318
MinimumVisualStudioVersion = 10.0.40219.1
Project("{9A19103F-16F7-4668-BE54-9A1E7A4F7556}") = "Odonto", "CadastroPessoas\Odonto.csproj", "{B38E6B41-8FEE-425D-93B7-ED8D7ABCF915}"
EndProject
Global
	GlobalSection(SolutionConfigurationPlatforms) = preSolution
		Debug|Any CPU = Debug|Any CPU
		Release|Any CPU = Release|Any CPU
	EndGlobalSection
	GlobalSection(ProjectConfigurationPlatforms) = postSolution
		{B38E6B41-8FEE-425D-93B7-ED8D7ABCF915}.Debug|Any CPU.ActiveCfg = Debug|Any CPU
		{B38E6B41-8FEE-425D-93B7-ED8D7ABCF915}.Debug|Any CPU.Build.0 = Debug|Any CPU
		{B38E6B41-8FEE-425D-93B7-ED8D7ABCF915}.Release|Any CPU.ActiveCfg = Release|Any CPU
		{B38E6B41-8FEE-425D-93B7-ED8D7ABCF915}.Release|Any CPU.Build.0 = Release|Any CPU
	EndGlobalSection
	GlobalSection(SolutionProperties) = preSolution
		HideSolutionNode = FALSE
	EndGlobalSection
	GlobalSection(ExtensibilityGlobals) = postSolution
		SolutionGuid = {C66C1939-4CA2-4990-A9D8-FFD8F0ACFA9B}
	EndGlobalSection
EndGlobal
